{
    "name": "project",
    "lockfileVersion": 3,
    "requires": true,
    "packages": {
        "": {
            "dependencies": {
                "6502.ts": "^1.0.4"
            },
            "devDependencies": {
                "esbuild": "^0.12.19"
            }
        },
        "node_modules/@types/file-saver": {
            "version": "2.0.3",
            "resolved": "https://registry.npmjs.org/@types/file-saver/-/file-saver-2.0.3.tgz",
            "integrity": "sha512-MBIou8pd/41jkff7s97B47bc9+p0BszqqDJsO51yDm49uUxeKzrfuNl5fSLC6BpLEWKA8zlwyqALVmXrFwoBHQ==",
            "license": "MIT"
        },
        "node_modules/6502.ts": {
            "version": "1.0.4",
            "resolved": "https://registry.npmjs.org/6502.ts/-/6502.ts-1.0.4.tgz",
            "integrity": "sha512-HIPlneMwVX1uRilyXAblWNL/VVP4u6oipElW9akCkSKg+/Qsj0CZlt0P8meMWuZH8cOXQ1Fthsz+uFoJMv7coA==",
            "license": "MIT",
            "dependencies": {
                "@types/file-saver": "^2.0.1",
                "async-mutex": "^0.2.4",
                "dasm": "^6.0.1",
                "md5": "^2.3.0",
                "microevent.ts": "^0.2.1",
                "screenfull": "^5.0.2",
                "seedrandom": "^3.0.3",
                "setimmediate2": "^3.0.0",
                "thumbulator.ts": "^0.3.1",
                "tslib": "^2.0.1",
                "worker-rpc": "^0.2.0"
            }
        },
        "node_modules/async-mutex": {
            "version": "0.2.6",
            "resolved": "https://registry.npmjs.org/async-mutex/-/async-mutex-0.2.6.tgz",
            "integrity": "sha512-Hs4R+4SPgamu6rSGW8C7cV9gaWUKEHykfzCCvIRuaVv636Ju10ZdeUbvb4TBEW0INuq2DHZqXbK4Nd3yG4RaRw==",
            "license": "MIT",
            "dependencies": {
                "tslib": "^2.0.0"
            }
        },
        "node_modules/charenc": {
            "version": "0.0.2",
            "resolved": "https://registry.npmjs.org/charenc/-/charenc-0.0.2.tgz",
            "integrity": "sha1-wKHS86cJLgN3S/qD8UwPxXkKhmc= sha512-yrLQ/yVUFXkzg7EDQsPieE/53+0RlaWTs+wBrvW36cyilJ2SaDWfl4Yj7MtLTXleV9uEKefbAGUPv2/iWSooRA==",
            "license": "BSD-3-Clause",
            "engines": {
                "node": "*"
            }
        },
        "node_modules/crypt": {
            "version": "0.0.2",
            "resolved": "https://registry.npmjs.org/crypt/-/crypt-0.0.2.tgz",
            "integrity": "sha1-iNf/fsDfuG9xPch7u0LQRNPmxBs= sha512-mCxBlsHFYh9C+HVpiEacem8FEBnMXgU9gy4zmNC+SXAZNB/1idgp/aulFJ4FgCi7GPEVbfyng092GqL2k2rmow==",
            "license": "BSD-3-Clause",
            "engines": {
                "node": "*"
            }
        },
        "node_modules/dasm": {
            "version": "6.0.1",
            "resolved": "https://registry.npmjs.org/dasm/-/dasm-6.0.1.tgz",
            "integrity": "sha512-yC+O04KpadCmrCTJbKJqxP6gV+9FeFRUoIPiUsxMACn8Hy2AkRIld+EIVuwUSagTYhFgSWVnkY4fvcDO1yzquw==",
            "license": "GPL-2.0",
            "dependencies": {
                "path": "^0.12.7"
            }
        },
        "node_modules/esbuild": {
            "version": "0.12.19",
            "resolved": "https://registry.npmjs.org/esbuild/-/esbuild-0.12.19.tgz",
            "integrity": "sha512-5NuT1G6THW7l3fsSCDkcPepn24R0XtyPjKoqKHD8LfhqMXzCdz0mrS9HgO6hIhzVT7zt0T+JGbzCqF5AH8hS9w==",
            "dev": true,
            "hasInstallScript": true,
            "license": "MIT",
            "bin": {
                "esbuild": "bin/esbuild"
            }
        },
        "node_modules/inherits": {
            "version": "2.0.3",
            "resolved": "https://registry.npmjs.org/inherits/-/inherits-2.0.3.tgz",
            "integrity": "sha1-Yzwsg+PaQqUC9SRmAiSA9CCCYd4= sha512-x00IRNXNy63jwGkJmzPigoySHbaqpNuzKbBOmzK+g2OdZpQ9w+sxCN+VSB3ja7IAge2OP2qpfxTjeNcyjmW1uw==",
            "license": "ISC"
        },
        "node_modules/is-buffer": {
            "version": "1.1.6",
            "resolved": "https://registry.npmjs.org/is-buffer/-/is-buffer-1.1.6.tgz",
            "integrity": "sha512-NcdALwpXkTm5Zvvbk7owOUSvVvBKDgKP5/ewfXEznmQFfs4ZRmanOeKBTjRVjka3QFoN6XJ+9F3USqfHqTaU5w==",
            "license": "MIT"
        },
        "node_modules/md5": {
            "version": "2.3.0",
            "resolved": "https://registry.npmjs.org/md5/-/md5-2.3.0.tgz",
            "integrity": "sha512-T1GITYmFaKuO91vxyoQMFETst+O71VUPEU3ze5GNzDm0OWdP8v1ziTaAEPUr/3kLsY3Sftgz242A1SetQiDL7g==",
            "license": "BSD-3-Clause",
            "dependencies": {
                "charenc": "0.0.2",
                "crypt": "0.0.2",
                "is-buffer": "~1.1.6"
            }
        },
        "node_modules/microevent.ts": {
            "version": "0.2.1",
            "resolved": "https://registry.npmjs.org/microevent.ts/-/microevent.ts-0.2.1.tgz",
            "integrity": "sha512-YaOQr4V70QzTy3sTRkBUa7+clmN4rMdKs9L5wCCxYjo8gknO/FXhcEX5Pot4IWtAdiZqhxN7vskoywQbAOAkDQ==",
            "license": "MIT"
        },
        "node_modules/path": {
            "version": "0.12.7",
            "resolved": "https://registry.npmjs.org/path/-/path-0.12.7.tgz",
            "integrity": "sha1-1NwqUGxM4hl+tIHr/NWzbAFAsQ8= sha512-aXXC6s+1w7otVF9UletFkFcDsJeO7lSZBPUQhtb5O0xJe8LtYhj/GxldoL09bBj9+ZmE2hNoHqQSFMN5fikh4Q==",
            "license": "MIT",
            "dependencies": {
                "process": "^0.11.1",
                "util": "^0.10.3"
            }
        },
        "node_modules/process": {
            "version": "0.11.10",
            "resolved": "https://registry.npmjs.org/process/-/process-0.11.10.tgz",
            "integrity": "sha1-czIwDoQBYb2j5podHZGn1LwW8YI= sha512-cdGef/drWFoydD1JsMzuFf8100nZl+GT+yacc2bEced5f9Rjk4z+WtFUTBu9PhOi9j/jfmBPu0mMEY4wIdAF8A==",
            "license": "MIT",
            "engines": {
                "node": ">= 0.6.0"
            }
        },
        "node_modules/screenfull": {
            "version": "5.1.0",
            "resolved": "https://registry.npmjs.org/screenfull/-/screenfull-5.1.0.tgz",
            "integrity": "sha512-dYaNuOdzr+kc6J6CFcBrzkLCfyGcMg+gWkJ8us93IQ7y1cevhQAugFsaCdMHb6lw8KV3xPzSxzH7zM1dQap9mA==",
            "license": "MIT",
            "engines": {
                "node": ">=0.10.0"
            },
            "funding": {
                "url": "https://github.com/sponsors/sindresorhus"
            }
        },
        "node_modules/seedrandom": {
            "version": "3.0.5",
            "resolved": "https://registry.npmjs.org/seedrandom/-/seedrandom-3.0.5.tgz",
            "integrity": "sha512-8OwmbklUNzwezjGInmZ+2clQmExQPvomqjL7LFqOYqtmuxRgQYqOD3mHaU+MvZn5FLUeVxVfQjwLZW/n/JFuqg==",
            "license": "MIT"
        },
        "node_modules/setimmediate2": {
            "version": "3.0.0",
            "resolved": "https://registry.npmjs.org/setimmediate2/-/setimmediate2-3.0.0.tgz",
            "integrity": "sha1-YYGxpe7xe7Lq9NepvpAqqpG+qK4= sha512-hl1sRb9bWjlf46/Bg7bdiZRtKtfGuMCMa1ChVEgM+7lpRXqMBZfxBhtcva3eUoQjsM1eTEkexu0FjLWIVQm1+g==",
            "license": "MIT",
            "engines": {
                "node": ">=0.6.0"
            }
        },
        "node_modules/thumbulator.ts": {
            "version": "0.3.1",
            "resolved": "https://registry.npmjs.org/thumbulator.ts/-/thumbulator.ts-0.3.1.tgz",
            "integrity": "sha512-l4D8VOObTVfLtuMsYl9GS664rnM0IbymN9qULwvW3CSBdC1BQocHlOG3CzSs2VQMXkNaBnjJPGjaiSMl3v/b9g==",
            "license": "MIT",
            "dependencies": {
                "tslib": "^1.8.0"
            }
        },
        "node_modules/thumbulator.ts/node_modules/tslib": {
            "version": "1.14.1",
            "resolved": "https://registry.npmjs.org/tslib/-/tslib-1.14.1.tgz",
            "integrity": "sha512-Xni35NKzjgMrwevysHTCArtLDpPvye8zV/0E4EyYn43P7/7qvQwPh9BGkHewbMulVntbigmcT7rdX3BNo9wRJg==",
            "license": "0BSD"
        },
        "node_modules/tslib": {
            "version": "2.3.0",
            "resolved": "https://registry.npmjs.org/tslib/-/tslib-2.3.0.tgz",
            "integrity": "sha512-N82ooyxVNm6h1riLCoyS9e3fuJ3AMG2zIZs2Gd1ATcSFjSA23Q0fzjjZeh0jbJvWVDZ0cJT8yaNNaaXHzueNjg==",
            "license": "0BSD"
        },
        "node_modules/util": {
            "version": "0.10.4",
            "resolved": "https://registry.npmjs.org/util/-/util-0.10.4.tgz",
            "integrity": "sha512-0Pm9hTQ3se5ll1XihRic3FDIku70C+iHUdT/W926rSgHV5QgXsYbKZN8MSC3tJtSkhuROzvsQjAaFENRXr+19A==",
            "license": "MIT",
            "dependencies": {
                "inherits": "2.0.3"
            }
        },
        "node_modules/worker-rpc": {
            "version": "0.2.0",
            "resolved": "https://registry.npmjs.org/worker-rpc/-/worker-rpc-0.2.0.tgz",
            "integrity": "sha512-S74HnfAdmMlUYmr6+Lx6TmxvffM2vRZSk4RfI/Bxco4xZGw+FREzLRZhFxf8QIzI2/5NKNMn5+Pj69Bp+rweIg==",
            "license": "MIT",
            "dependencies": {
                "microevent.ts": "~0.2.1"
            }
        }
    }
}
